
Microsoft Visual Studio Solution File, Format Version 12.00
# Visual Studio Version 16
VisualStudioVersion = 16.0.31613.86
MinimumVisualStudioVersion = 10.0.40219.1
Project("{FAE04EC0-301F-11D3-BF4B-00C04F79EFBC}") = "Robust Role Play Character Encounter Picker", "Robust Role Play Character Encounter Picker\Robust Role Play Character Encounter Picker.csproj", "{929100B5-6ED6-48B6-9209-B07233207DF5}"
EndProject
Global
	GlobalSection(SolutionConfigurationPlatforms) = preSolution
		Debug|Any CPU = Debug|Any CPU
		Release|Any CPU = Release|Any CPU
	EndGlobalSection
	GlobalSection(ProjectConfigurationPlatforms) = postSolution
		{929100B5-6ED6-48B6-9209-B07233207DF5}.Debug|Any CPU.ActiveCfg = Debug|Any CPU
		{929100B5-6ED6-48B6-9209-B07233207DF5}.Debug|Any CPU.Build.0 = Debug|Any CPU
		{929100B5-6ED6-48B6-9209-B07233207DF5}.Release|Any CPU.ActiveCfg = Release|Any CPU
		{929100B5-6ED6-48B6-9209-B07233207DF5}.Release|Any CPU.Build.0 = Release|Any CPU
	EndGlobalSection
	GlobalSection(SolutionProperties) = preSolution
		HideSolutionNode = FALSE
	EndGlobalSection
	GlobalSection(ExtensibilityGlobals) = postSolution
		SolutionGuid = {BFB24908-1277-4CC5-AAB1-4FC75F0DFFC6}
	EndGlobalSection
EndGlobal
